
Microsoft Visual Studio Solution File, Format Version 12.00
# Visual Studio Version 16
VisualStudioVersion = 16.0.29911.84
MinimumVisualStudioVersion = 10.0.40219.1
Project("{FAE04EC0-301F-11D3-BF4B-00C04F79EFBC}") = "WebAPI", "WebAPI\WebAPI.csproj", "{D8E18733-D82E-43BD-A7A6-2C8FAC803873}"
EndProject
Global
	GlobalSection(SolutionConfigurationPlatforms) = preSolution
		Debug|Any CPU = Debug|Any CPU
		Release|Any CPU = Release|Any CPU
	EndGlobalSection
	GlobalSection(ProjectConfigurationPlatforms) = postSolution
		{D8E18733-D82E-43BD-A7A6-2C8FAC803873}.Debug|Any CPU.ActiveCfg = Debug|Any CPU
		{D8E18733-D82E-43BD-A7A6-2C8FAC803873}.Debug|Any CPU.Build.0 = Debug|Any CPU
		{D8E18733-D82E-43BD-A7A6-2C8FAC803873}.Release|Any CPU.ActiveCfg = Release|Any CPU
		{D8E18733-D82E-43BD-A7A6-2C8FAC803873}.Release|Any CPU.Build.0 = Release|Any CPU
	EndGlobalSection
	GlobalSection(SolutionProperties) = preSolution
		HideSolutionNode = FALSE
	EndGlobalSection
	GlobalSection(ExtensibilityGlobals) = postSolution
		SolutionGuid = {6BD1A094-434A-47F5-BBBB-3069B88DE6BA}
	EndGlobalSection
EndGlobal
